// !$*UTF8*$!
{
	archiveVersion = 1;
	classes = {
	};
	objectVersion = 46;
	objects = {

/* Begin PBXBuildFile section */
		366949781D34BCB8008BCA93 /* AppDelegate.swift in Sources */ = {isa = PBXBuildFile; fileRef = 366949771D34BCB8008BCA93 /* AppDelegate.swift */; };
		3669497A1D34BCB8008BCA93 /* ViewController.swift in Sources */ = {isa = PBXBuildFile; fileRef = 366949791D34BCB8008BCA93 /* ViewController.swift */; };
		3669497D1D34BCB8008BCA93 /* Main.storyboard in Resources */ = {isa = PBXBuildFile; fileRef = 3669497B1D34BCB8008BCA93 /* Main.storyboard */; };
		3669497F1D34BCB8008BCA93 /* Assets.xcassets in Resources */ = {isa = PBXBuildFile; fileRef = 3669497E1D34BCB8008BCA93 /* Assets.xcassets */; };
		366949821D34BCB8008BCA93 /* LaunchScreen.storyboard in Resources */ = {isa = PBXBuildFile; fileRef = 366949801D34BCB8008BCA93 /* LaunchScreen.storyboard */; };
		3669498D1D34BCB8008BCA93 /* UIKit_ExtensionsTests.swift in Sources */ = {isa = PBXBuildFile; fileRef = 3669498C1D34BCB8008BCA93 /* UIKit_ExtensionsTests.swift */; };
		366949981D34BCB8008BCA93 /* UIKit_ExtensionsUITests.swift in Sources */ = {isa = PBXBuildFile; fileRef = 366949971D34BCB8008BCA93 /* UIKit_ExtensionsUITests.swift */; };
/* End PBXBuildFile section */

/* Begin PBXContainerItemProxy section */
		366949891D34BCB8008BCA93 /* PBXContainerItemProxy */ = {
			isa = PBXContainerItemProxy;
			containerPortal = 3669496C1D34BCB8008BCA93 /* Project object */;
			proxyType = 1;
			remoteGlobalIDString = 366949731D34BCB8008BCA93;
			remoteInfo = "UIKit+Extensions";
		};
		366949941D34BCB8008BCA93 /* PBXContainerItemProxy */ = {
			isa = PBXContainerItemProxy;
			containerPortal = 3669496C1D34BCB8008BCA93 /* Project object */;
			proxyType = 1;
			remoteGlobalIDString = 366949731D34BCB8008BCA93;
			remoteInfo = "UIKit+Extensions";
		};
/* End PBXContainerItemProxy section */

/* Begin PBXFileReference section */
		366949741D34BCB8008BCA93 /* UIKit+Extensions.app */ = {isa = PBXFileReference; explicitFileType = wrapper.application; includeInIndex = 0; path = "UIKit+Extensions.app"; sourceTree = BUILT_PRODUCTS_DIR; };
		366949771D34BCB8008BCA93 /* AppDelegate.swift */ = {isa = PBXFileReference; lastKnownFileType = sourcecode.swift; path = AppDelegate.swift; sourceTree = "<group>"; };
		366949791D34BCB8008BCA93 /* ViewController.swift */ = {isa = PBXFileReference; lastKnownFileType = sourcecode.swift; path = ViewController.swift; sourceTree = "<group>"; };
		3669497C1D34BCB8008BCA93 /* Base */ = {isa = PBXFileReference; lastKnownFileType = file.storyboard; name = Base; path = Base.lproj/Main.storyboard; sourceTree = "<group>"; };
		3669497E1D34BCB8008BCA93 /* Assets.xcassets */ = {isa = PBXFileReference; lastKnownFileType = folder.assetcatalog; path = Assets.xcassets; sourceTree = "<group>"; };
		366949811D34BCB8008BCA93 /* Base */ = {isa = PBXFileReference; lastKnownFileType = file.storyboard; name = Base; path = Base.lproj/LaunchScreen.storyboard; sourceTree = "<group>"; };
		366949831D34BCB8008BCA93 /* Info.plist */ = {isa = PBXFileReference; lastKnownFileType = text.plist.xml; path = Info.plist; sourceTree = "<group>"; };
		366949881D34BCB8008BCA93 /* UIKit+ExtensionsTests.xctest */ = {isa = PBXFileReference; explicitFileType = wrapper.cfbundle; includeInIndex = 0; path = "UIKit+ExtensionsTests.xctest"; sourceTree = BUILT_PRODUCTS_DIR; };
		3669498C1D34BCB8008BCA93 /* UIKit_ExtensionsTests.swift */ = {isa = PBXFileReference; lastKnownFileType = sourcecode.swift; path = UIKit_ExtensionsTests.swift; sourceTree = "<group>"; };
		3669498E1D34BCB8008BCA93 /* Info.plist */ = {isa = PBXFileReference; lastKnownFileType = text.plist.xml; path = Info.plist; sourceTree = "<group>"; };
		366949931D34BCB8008BCA93 /* UIKit+ExtensionsUITests.xctest */ = {isa = PBXFileReference; explicitFileType = wrapper.cfbundle; includeInIndex = 0; path = "UIKit+ExtensionsUITests.xctest"; sourceTree = BUILT_PRODUCTS_DIR; };
		366949971D34BCB8008BCA93 /* UIKit_ExtensionsUITests.swift */ = {isa = PBXFileReference; lastKnownFileType = sourcecode.swift; path = UIKit_ExtensionsUITests.swift; sourceTree = "<group>"; };
		366949991D34BCB8008BCA93 /* Info.plist */ = {isa = PBXFileReference; lastKnownFileType = text.plist.xml; path = Info.plist; sourceTree = "<group>"; };
/* End PBXFileReference section */

/* Begin PBXFrameworksBuildPhase section */
		366949711D34BCB8008BCA93 /* Frameworks */ = {
			isa = PBXFrameworksBuildPhase;
			buildActionMask = 2147483647;
			files = (
			);
			runOnlyForDeploymentPostprocessing = 0;
		};
		366949851D34BCB8008BCA93 /* Frameworks */ = {
			isa = PBXFrameworksBuildPhase;
			buildActionMask = 2147483647;
			files = (
			);
			runOnlyForDeploymentPostprocessing = 0;
		};
		366949901D34BCB8008BCA93 /* Frameworks */ = {
			isa = PBXFrameworksBuildPhase;
			buildActionMask = 2147483647;
			files = (
			);
			runOnlyForDeploymentPostprocessing = 0;
		};
/* End PBXFrameworksBuildPhase section */

/* Begin PBXGroup section */
		3669496B1D34BCB8008BCA93 = {
			isa = PBXGroup;
			children = (
				366949761D34BCB8008BCA93 /* UIKit+Extensions */,
				3669498B1D34BCB8008BCA93 /* UIKit+ExtensionsTests */,
				366949961D34BCB8008BCA93 /* UIKit+ExtensionsUITests */,
				366949751D34BCB8008BCA93 /* Products */,
			);
			sourceTree = "<group>";
		};
		366949751D34BCB8008BCA93 /* Products */ = {
			isa = PBXGroup;
			children = (
				366949741D34BCB8008BCA93 /* UIKit+Extensions.app */,
				366949881D34BCB8008BCA93 /* UIKit+ExtensionsTests.xctest */,
				366949931D34BCB8008BCA93 /* UIKit+ExtensionsUITests.xctest */,
			);
			name = Products;
			sourceTree = "<group>";
		};
		366949761D34BCB8008BCA93 /* UIKit+Extensions */ = {
			isa = PBXGroup;
			children = (
				366949771D34BCB8008BCA93 /* AppDelegate.swift */,
				366949791D34BCB8008BCA93 /* ViewController.swift */,
				3669497B1D34BCB8008BCA93 /* Main.storyboard */,
				3669497E1D34BCB8008BCA93 /* Assets.xcassets */,
				366949801D34BCB8008BCA93 /* LaunchScreen.storyboard */,
				366949831D34BCB8008BCA93 /* Info.plist */,
			);
			path = "UIKit+Extensions";
			sourceTree = "<group>";
		};
		3669498B1D34BCB8008BCA93 /* UIKit+ExtensionsTests */ = {
			isa = PBXGroup;
			children = (
				3669498C1D34BCB8008BCA93 /* UIKit_ExtensionsTests.swift */,
				3669498E1D34BCB8008BCA93 /* Info.plist */,
			);
			path = "UIKit+ExtensionsTests";
			sourceTree = "<group>";
		};
		366949961D34BCB8008BCA93 /* UIKit+ExtensionsUITests */ = {
			isa = PBXGroup;
			children = (
				366949971D34BCB8008BCA93 /* UIKit_ExtensionsUITests.swift */,
				366949991D34BCB8008BCA93 /* Info.plist */,
			);
			path = "UIKit+ExtensionsUITests";
			sourceTree = "<group>";
		};
/* End PBXGroup section */

/* Begin PBXNativeTarget section */
		366949731D34BCB8008BCA93 /* UIKit+Extensions */ = {
			isa = PBXNativeTarget;
			buildConfigurationList = 3669499C1D34BCB8008BCA93 /* Build configuration list for PBXNativeTarget "UIKit+Extensions" */;
			buildPhases = (
				366949701D34BCB8008BCA93 /* Sources */,
				366949711D34BCB8008BCA93 /* Frameworks */,
				366949721D34BCB8008BCA93 /* Resources */,
			);
			buildRules = (
			);
			dependencies = (
			);
			name = "UIKit+Extensions";
			productName = "UIKit+Extensions";
			productReference = 366949741D34BCB8008BCA93 /* UIKit+Extensions.app */;
			productType = "com.apple.product-type.application";
		};
		366949871D34BCB8008BCA93 /* UIKit+ExtensionsTests */ = {
			isa = PBXNativeTarget;
			buildConfigurationList = 3669499F1D34BCB8008BCA93 /* Build configuration list for PBXNativeTarget "UIKit+ExtensionsTests" */;
			buildPhases = (
				366949841D34BCB8008BCA93 /* Sources */,
				366949851D34BCB8008BCA93 /* Frameworks */,
				366949861D34BCB8008BCA93 /* Resources */,
			);
			buildRules = (
			);
			dependencies = (
				3669498A1D34BCB8008BCA93 /* PBXTargetDependency */,
			);
			name = "UIKit+ExtensionsTests";
			productName = "UIKit+ExtensionsTests";
			productReference = 366949881D34BCB8008BCA93 /* UIKit+ExtensionsTests.xctest */;
			productType = "com.apple.product-type.bundle.unit-test";
		};
		366949921D34BCB8008BCA93 /* UIKit+ExtensionsUITests */ = {
			isa = PBXNativeTarget;
			buildConfigurationList = 366949A21D34BCB8008BCA93 /* Build configuration list for PBXNativeTarget "UIKit+ExtensionsUITests" */;
			buildPhases = (
				3669498F1D34BCB8008BCA93 /* Sources */,
				366949901D34BCB8008BCA93 /* Frameworks */,
				366949911D34BCB8008BCA93 /* Resources */,
			);
			buildRules = (
			);
			dependencies = (
				366949951D34BCB8008BCA93 /* PBXTargetDependency */,
			);
			name = "UIKit+ExtensionsUITests";
			productName = "UIKit+ExtensionsUITests";
			productReference = 366949931D34BCB8008BCA93 /* UIKit+ExtensionsUITests.xctest */;
			productType = "com.apple.product-type.bundle.ui-testing";
		};
/* End PBXNativeTarget section */

/* Begin PBXProject section */
		3669496C1D34BCB8008BCA93 /* Project object */ = {
			isa = PBXProject;
			attributes = {
				LastSwiftUpdateCheck = 0730;
				LastUpgradeCheck = 0730;
				ORGANIZATIONNAME = Wilson;
				TargetAttributes = {
					366949731D34BCB8008BCA93 = {
						CreatedOnToolsVersion = 7.3;
					};
					366949871D34BCB8008BCA93 = {
						CreatedOnToolsVersion = 7.3;
						TestTargetID = 366949731D34BCB8008BCA93;
					};
					366949921D34BCB8008BCA93 = {
						CreatedOnToolsVersion = 7.3;
						TestTargetID = 366949731D34BCB8008BCA93;
					};
				};
			};
			buildConfigurationList = 3669496F1D34BCB8008BCA93 /* Build configuration list for PBXProject "UIKit+Extensions" */;
			compatibilityVersion = "Xcode 3.2";
			developmentRegion = English;
			hasScannedForEncodings = 0;
			knownRegions = (
				en,
				Base,
			);
			mainGroup = 3669496B1D34BCB8008BCA93;
			productRefGroup = 366949751D34BCB8008BCA93 /* Products */;
			projectDirPath = "";
			projectRoot = "";
			targets = (
				366949731D34BCB8008BCA93 /* UIKit+Extensions */,
				366949871D34BCB8008BCA93 /* UIKit+ExtensionsTests */,
				366949921D34BCB8008BCA93 /* UIKit+ExtensionsUITests */,
			);
		};
/* End PBXProject section */

/* Begin PBXResourcesBuildPhase section */
		366949721D34BCB8008BCA93 /* Resources */ = {
			isa = PBXResourcesBuildPhase;
			buildActionMask = 2147483647;
			files = (
				366949821D34BCB8008BCA93 /* LaunchScreen.storyboard in Resources */,
				3669497F1D34BCB8008BCA93 /* Assets.xcassets in Resources */,
				3669497D1D34BCB8008BCA93 /* Main.storyboard in Resources */,
			);
			runOnlyForDeploymentPostprocessing = 0;
		};
		366949861D34BCB8008BCA93 /* Resources */ = {
			isa = PBXResourcesBuildPhase;
			buildActionMask = 2147483647;
			files = (
			);
			runOnlyForDeploymentPostprocessing = 0;
		};
		366949911D34BCB8008BCA93 /* Resources */ = {
			isa = PBXResourcesBuildPhase;
			buildActionMask = 2147483647;
			files = (
			);
			runOnlyForDeploymentPostprocessing = 0;
		};
/* End PBXResourcesBuildPhase section */

/* Begin PBXSourcesBuildPhase section */
		366949701D34BCB8008BCA93 /* Sources */ = {
			isa = PBXSourcesBuildPhase;
			buildActionMask = 2147483647;
			files = (
				3669497A1D34BCB8008BCA93 /* ViewController.swift in Sources */,
				366949781D34BCB8008BCA93 /* AppDelegate.swift in Sources */,
			);
			runOnlyForDeploymentPostprocessing = 0;
		};
		366949841D34BCB8008BCA93 /* Sources */ = {
			isa = PBXSourcesBuildPhase;
			buildActionMask = 2147483647;
			files = (
				3669498D1D34BCB8008BCA93 /* UIKit_ExtensionsTests.swift in Sources */,
			);
			runOnlyForDeploymentPostprocessing = 0;
		};
		3669498F1D34BCB8008BCA93 /* Sources */ = {
			isa = PBXSourcesBuildPhase;
			buildActionMask = 2147483647;
			files = (
				366949981D34BCB8008BCA93 /* UIKit_ExtensionsUITests.swift in Sources */,
			);
			runOnlyForDeploymentPostprocessing = 0;
		};
/* End PBXSourcesBuildPhase section */

/* Begin PBXTargetDependency section */
		3669498A1D34BCB8008BCA93 /* PBXTargetDependency */ = {
			isa = PBXTargetDependency;
			target = 366949731D34BCB8008BCA93 /* UIKit+Extensions */;
			targetProxy = 366949891D34BCB8008BCA93 /* PBXContainerItemProxy */;
		};
		366949951D34BCB8008BCA93 /* PBXTargetDependency */ = {
			isa = PBXTargetDependency;
			target = 366949731D34BCB8008BCA93 /* UIKit+Extensions */;
			targetProxy = 366949941D34BCB8008BCA93 /* PBXContainerItemProxy */;
		};
/* End PBXTargetDependency section */

/* Begin PBXVariantGroup section */
		3669497B1D34BCB8008BCA93 /* Main.storyboard */ = {
			isa = PBXVariantGroup;
			children = (
				3669497C1D34BCB8008BCA93 /* Base */,
			);
			name = Main.storyboard;
			sourceTree = "<group>";
		};
		366949801D34BCB8008BCA93 /* LaunchScreen.storyboard */ = {
			isa = PBXVariantGroup;
			children = (
				366949811D34BCB8008BCA93 /* Base */,
			);
			name = LaunchScreen.storyboard;
			sourceTree = "<group>";
		};
/* End PBXVariantGroup section */

/* Begin XCBuildConfiguration section */
		3669499A1D34BCB8008BCA93 /* Debug */ = {
			isa = XCBuildConfiguration;
			buildSettings = {
				ALWAYS_SEARCH_USER_PATHS = NO;
				CLANG_ANALYZER_NONNULL = YES;
				CLANG_CXX_LANGUAGE_STANDARD = "gnu++0x";
				CLANG_CXX_LIBRARY = "libc++";
				CLANG_ENABLE_MODULES = YES;
				CLANG_ENABLE_OBJC_ARC = YES;
				CLANG_WARN_BOOL_CONVERSION = YES;
				CLANG_WARN_CONSTANT_CONVERSION = YES;
				CLANG_WARN_DIRECT_OBJC_ISA_USAGE = YES_ERROR;
				CLANG_WARN_EMPTY_BODY = YES;
				CLANG_WARN_ENUM_CONVERSION = YES;
				CLANG_WARN_INT_CONVERSION = YES;
				CLANG_WARN_OBJC_ROOT_CLASS = YES_ERROR;
				CLANG_WARN_UNREACHABLE_CODE = YES;
				CLANG_WARN__DUPLICATE_METHOD_MATCH = YES;
				"CODE_SIGN_IDENTITY[sdk=iphoneos*]" = "iPhone Developer";
				COPY_PHASE_STRIP = NO;
				DEBUG_INFORMATION_FORMAT = dwarf;
				ENABLE_STRICT_OBJC_MSGSEND = YES;
				ENABLE_TESTABILITY = YES;
				GCC_C_LANGUAGE_STANDARD = gnu99;
				GCC_DYNAMIC_NO_PIC = NO;
				GCC_NO_COMMON_BLOCKS = YES;
				GCC_OPTIMIZATION_LEVEL = 0;
				GCC_PREPROCESSOR_DEFINITIONS = (
					"DEBUG=1",
					"$(inherited)",
				);
				GCC_WARN_64_TO_32_BIT_CONVERSION = YES;
				GCC_WARN_ABOUT_RETURN_TYPE = YES_ERROR;
				GCC_WARN_UNDECLARED_SELECTOR = YES;
				GCC_WARN_UNINITIALIZED_AUTOS = YES_AGGRESSIVE;
				GCC_WARN_UNUSED_FUNCTION = YES;
				GCC_WARN_UNUSED_VARIABLE = YES;
				IPHONEOS_DEPLOYMENT_TARGET = 9.3;
				MTL_ENABLE_DEBUG_INFO = YES;
				ONLY_ACTIVE_ARCH = YES;
				SDKROOT = iphoneos;
				SWIFT_OPTIMIZATION_LEVEL = "-Onone";
			};
			name = Debug;
		};
		3669499B1D34BCB8008BCA93 /* Release */ = {
			isa = XCBuildConfiguration;
			buildSettings = {
				ALWAYS_SEARCH_USER_PATHS = NO;
				CLANG_ANALYZER_NONNULL = YES;
				CLANG_CXX_LANGUAGE_STANDARD = "gnu++0x";
				CLANG_CXX_LIBRARY = "libc++";
				CLANG_ENABLE_MODULES = YES;
				CLANG_ENABLE_OBJC_ARC = YES;
				CLANG_WARN_BOOL_CONVERSION = YES;
				CLANG_WARN_CONSTANT_CONVERSION = YES;
				CLANG_WARN_DIRECT_OBJC_ISA_USAGE = YES_ERROR;
				CLANG_WARN_EMPTY_BODY = YES;
				CLANG_WARN_ENUM_CONVERSION = YES;
				CLANG_WARN_INT_CONVERSION = YES;
				CLANG_WARN_OBJC_ROOT_CLASS = YES_ERROR;
				CLANG_WARN_UNREACHABLE_CODE = YES;
				CLANG_WARN__DUPLICATE_METHOD_MATCH = YES;
				"CODE_SIGN_IDENTITY[sdk=iphoneos*]" = "iPhone Developer";
				COPY_PHASE_STRIP = NO;
				DEBUG_INFORMATION_FORMAT = "dwarf-with-dsym";
				ENABLE_NS_ASSERTIONS = NO;
				ENABLE_STRICT_OBJC_MSGSEND = YES;
				GCC_C_LANGUAGE_STANDARD = gnu99;
				GCC_NO_COMMON_BLOCKS = YES;
				GCC_WARN_64_TO_32_BIT_CONVERSION = YES;
				GCC_WARN_ABOUT_RETURN_TYPE = YES_ERROR;
				GCC_WARN_UNDECLARED_SELECTOR = YES;
				GCC_WARN_UNINITIALIZED_AUTOS = YES_AGGRESSIVE;
				GCC_WARN_UNUSED_FUNCTION = YES;
				GCC_WARN_UNUSED_VARIABLE = YES;
				IPHONEOS_DEPLOYMENT_TARGET = 9.3;
				MTL_ENABLE_DEBUG_INFO = NO;
				SDKROOT = iphoneos;
				VALIDATE_PRODUCT = YES;
			};
			name = Release;
		};
		3669499D1D34BCB8008BCA93 /* Debug */ = {
			isa = XCBuildConfiguration;
			buildSettings = {
				ASSETCATALOG_COMPILER_APPICON_NAME = AppIcon;
				INFOPLIST_FILE = "UIKit+Extensions/Info.plist";
				LD_RUNPATH_SEARCH_PATHS = "$(inherited) @executable_path/Frameworks";
				PRODUCT_BUNDLE_IDENTIFIER = "Wilson.UIKit-Extensions";
				PRODUCT_NAME = "$(TARGET_NAME)";
			};
			name = Debug;
		};
		3669499E1D34BCB8008BCA93 /* Release */ = {
			isa = XCBuildConfiguration;
			buildSettings = {
				ASSETCATALOG_COMPILER_APPICON_NAME = AppIcon;
				INFOPLIST_FILE = "UIKit+Extensions/Info.plist";
				LD_RUNPATH_SEARCH_PATHS = "$(inherited) @executable_path/Frameworks";
				PRODUCT_BUNDLE_IDENTIFIER = "Wilson.UIKit-Extensions";
				PRODUCT_NAME = "$(TARGET_NAME)";
			};
			name = Release;
		};
		366949A01D34BCB8008BCA93 /* Debug */ = {
			isa = XCBuildConfiguration;
			buildSettings = {
				BUNDLE_LOADER = "$(TEST_HOST)";
				INFOPLIST_FILE = "UIKit+ExtensionsTests/Info.plist";
				LD_RUNPATH_SEARCH_PATHS = "$(inherited) @executable_path/Frameworks @loader_path/Frameworks";
				PRODUCT_BUNDLE_IDENTIFIER = "Wilson.UIKit-ExtensionsTests";
				PRODUCT_NAME = "$(TARGET_NAME)";
				TEST_HOST = "$(BUILT_PRODUCTS_DIR)/UIKit+Extensions.app/UIKit+Extensions";
			};
			name = Debug;
		};
		366949A11D34BCB8008BCA93 /* Release */ = {
			isa = XCBuildConfiguration;
			buildSettings = {
				BUNDLE_LOADER = "$(TEST_HOST)";
				INFOPLIST_FILE = "UIKit+ExtensionsTests/Info.plist";
				LD_RUNPATH_SEARCH_PATHS = "$(inherited) @executable_path/Frameworks @loader_path/Frameworks";
				PRODUCT_BUNDLE_IDENTIFIER = "Wilson.UIKit-ExtensionsTests";
				PRODUCT_NAME = "$(TARGET_NAME)";
				TEST_HOST = "$(BUILT_PRODUCTS_DIR)/UIKit+Extensions.app/UIKit+Extensions";
			};
			name = Release;
		};
		366949A31D34BCB8008BCA93 /* Debug */ = {
			isa = XCBuildConfiguration;
			buildSettings = {
				INFOPLIST_FILE = "UIKit+ExtensionsUITests/Info.plist";
				LD_RUNPATH_SEARCH_PATHS = "$(inherited) @executable_path/Frameworks @loader_path/Frameworks";
				PRODUCT_BUNDLE_IDENTIFIER = "Wilson.UIKit-ExtensionsUITests";
				PRODUCT_NAME = "$(TARGET_NAME)";
				TEST_TARGET_NAME = "UIKit+Extensions";
			};
			name = Debug;
		};
		366949A41D34BCB8008BCA93 /* Release */ = {
			isa = XCBuildConfiguration;
			buildSettings = {
				INFOPLIST_FILE = "UIKit+ExtensionsUITests/Info.plist";
				LD_RUNPATH_SEARCH_PATHS = "$(inherited) @executable_path/Frameworks @loader_path/Frameworks";
				PRODUCT_BUNDLE_IDENTIFIER = "Wilson.UIKit-ExtensionsUITests";
				PRODUCT_NAME = "$(TARGET_NAME)";
				TEST_TARGET_NAME = "UIKit+Extensions";
			};
			name = Release;
		};
/* End XCBuildConfiguration section */

/* Begin XCConfigurationList section */
		3669496F1D34BCB8008BCA93 /* Build configuration list for PBXProject "UIKit+Extensions" */ = {
			isa = XCConfigurationList;
			buildConfigurations = (
				3669499A1D34BCB8008BCA93 /* Debug */,
				3669499B1D34BCB8008BCA93 /* Release */,
			);
			defaultConfigurationIsVisible = 0;
			defaultConfigurationName = Release;
		};
		3669499C1D34BCB8008BCA93 /* Build configuration list for PBXNativeTarget "UIKit+Extensions" */ = {
			isa = XCConfigurationList;
			buildConfigurations = (
				3669499D1D34BCB8008BCA93 /* Debug */,
				3669499E1D34BCB8008BCA93 /* Release */,
			);
			defaultConfigurationIsVisible = 0;
		};
		3669499F1D34BCB8008BCA93 /* Build configuration list for PBXNativeTarget "UIKit+ExtensionsTests" */ = {
			isa = XCConfigurationList;
			buildConfigurations = (
				366949A01D34BCB8008BCA93 /* Debug */,
				366949A11D34BCB8008BCA93 /* Release */,
			);
			defaultConfigurationIsVisible = 0;
		};
		366949A21D34BCB8008BCA93 /* Build configuration list for PBXNativeTarget "UIKit+ExtensionsUITests" */ = {
			isa = XCConfigurationList;
			buildConfigurations = (
				366949A31D34BCB8008BCA93 /* Debug */,
				366949A41D34BCB8008BCA93 /* Release */,
			);
			defaultConfigurationIsVisible = 0;
		};
/* End XCConfigurationList section */
	};
	rootObject = 3669496C1D34BCB8008BCA93 /* Project object */;
}
